
Microsoft Visual Studio Solution File, Format Version 12.00
# Visual Studio 14
VisualStudioVersion = 14.0.25420.1
MinimumVisualStudioVersion = 10.0.40219.1
Project("{FAE04EC0-301F-11D3-BF4B-00C04F79EFBC}") = "05_Control_Statement", "05_Control_Statement\05_Control_Statement.csproj", "{CABD147F-9B42-4C32-8205-CAB91833C8CE}"
EndProject
Global
	GlobalSection(SolutionConfigurationPlatforms) = preSolution
		Debug|Any CPU = Debug|Any CPU
		Release|Any CPU = Release|Any CPU
	EndGlobalSection
	GlobalSection(ProjectConfigurationPlatforms) = postSolution
		{CABD147F-9B42-4C32-8205-CAB91833C8CE}.Debug|Any CPU.ActiveCfg = Debug|Any CPU
		{CABD147F-9B42-4C32-8205-CAB91833C8CE}.Debug|Any CPU.Build.0 = Debug|Any CPU
		{CABD147F-9B42-4C32-8205-CAB91833C8CE}.Release|Any CPU.ActiveCfg = Release|Any CPU
		{CABD147F-9B42-4C32-8205-CAB91833C8CE}.Release|Any CPU.Build.0 = Release|Any CPU
	EndGlobalSection
	GlobalSection(SolutionProperties) = preSolution
		HideSolutionNode = FALSE
	EndGlobalSection
EndGlobal
